
Microsoft Visual Studio Solution File, Format Version 12.00
# Visual Studio Version 17
VisualStudioVersion = 17.0.32014.148
MinimumVisualStudioVersion = 10.0.40219.1
Project("{FAE04EC0-301F-11D3-BF4B-00C04F79EFBC}") = "caProvaPOOQ4", "caProvaPOOQ4\caProvaPOOQ4.csproj", "{EC65DDF4-C786-47C2-80E4-74D6C2C5D29D}"
EndProject
Global
	GlobalSection(SolutionConfigurationPlatforms) = preSolution
		Debug|Any CPU = Debug|Any CPU
		Release|Any CPU = Release|Any CPU
	EndGlobalSection
	GlobalSection(ProjectConfigurationPlatforms) = postSolution
		{EC65DDF4-C786-47C2-80E4-74D6C2C5D29D}.Debug|Any CPU.ActiveCfg = Debug|Any CPU
		{EC65DDF4-C786-47C2-80E4-74D6C2C5D29D}.Debug|Any CPU.Build.0 = Debug|Any CPU
		{EC65DDF4-C786-47C2-80E4-74D6C2C5D29D}.Release|Any CPU.ActiveCfg = Release|Any CPU
		{EC65DDF4-C786-47C2-80E4-74D6C2C5D29D}.Release|Any CPU.Build.0 = Release|Any CPU
	EndGlobalSection
	GlobalSection(SolutionProperties) = preSolution
		HideSolutionNode = FALSE
	EndGlobalSection
	GlobalSection(ExtensibilityGlobals) = postSolution
		SolutionGuid = {DD095591-CC59-44F7-8556-DC04191ECF17}
	EndGlobalSection
EndGlobal
